Microsoft Visual Studio Solution File, Format Version 7.00
Project("{8BC9CEB8-8B4A-11D0-8D11-00A0C91BC942}") = "Splint", "Splint.vcproj", "{E57CAD42-5E8E-445E-865A-965282EFA565}"
EndProject
Global
	GlobalSection(SolutionConfiguration) = preSolution
		ConfigName.0 = Debug
		ConfigName.1 = Release
		ConfigName.2 = Test
	EndGlobalSection
	GlobalSection(ProjectDependencies) = postSolution
	EndGlobalSection
	GlobalSection(ProjectConfiguration) = postSolution
		{E57CAD42-5E8E-445E-865A-965282EFA565}.Debug.ActiveCfg = Debug|Win32
		{E57CAD42-5E8E-445E-865A-965282EFA565}.Debug.Build.0 = Debug|Win32
		{E57CAD42-5E8E-445E-865A-965282EFA565}.Release.ActiveCfg = Release|Win32
		{E57CAD42-5E8E-445E-865A-965282EFA565}.Release.Build.0 = Release|Win32
		{E57CAD42-5E8E-445E-865A-965282EFA565}.Test.ActiveCfg = Test|Win32
		{E57CAD42-5E8E-445E-865A-965282EFA565}.Test.Build.0 = Test|Win32
	EndGlobalSection
	GlobalSection(ExtensibilityGlobals) = postSolution
	EndGlobalSection
	GlobalSection(ExtensibilityAddIns) = postSolution
	EndGlobalSection
EndGlobal
